
Microsoft Visual Studio Solution File, Format Version 12.00
# Visual Studio 15
VisualStudioVersion = 15.0.26124.0
MinimumVisualStudioVersion = 15.0.26124.0
Project("{2150E333-8FDC-42A3-9474-1A3956D46DE8}") = "src", "src", "{4F4BABCF-B538-4E43-A18A-B07CD066B13F}"
EndProject
Project("{FAE04EC0-301F-11D3-BF4B-00C04F79EFBC}") = "SimpleAPI", "src\SimpleAPI\SimpleAPI.csproj", "{434FAD74-6F04-4C18-B347-B09BEEA5BA65}"
EndProject
Project("{2150E333-8FDC-42A3-9474-1A3956D46DE8}") = "test", "test", "{1BAA2466-D828-4710-B172-7FEDFFEFD127}"
EndProject
Project("{FAE04EC0-301F-11D3-BF4B-00C04F79EFBC}") = "SimpleAPI.Test", "test\SimpleAPI.Test\SimpleAPI.Test.csproj", "{40BEB2F8-94C5-4FCD-A29A-F2951A660709}"
EndProject
Global
	GlobalSection(SolutionConfigurationPlatforms) = preSolution
		Debug|Any CPU = Debug|Any CPU
		Debug|x64 = Debug|x64
		Debug|x86 = Debug|x86
		Release|Any CPU = Release|Any CPU
		Release|x64 = Release|x64
		Release|x86 = Release|x86
	EndGlobalSection
	GlobalSection(SolutionProperties) = preSolution
		HideSolutionNode = FALSE
	EndGlobalSection
	GlobalSection(ProjectConfigurationPlatforms) = postSolution
		{434FAD74-6F04-4C18-B347-B09BEEA5BA65}.Debug|Any CPU.ActiveCfg = Debug|Any CPU
		{434FAD74-6F04-4C18-B347-B09BEEA5BA65}.Debug|Any CPU.Build.0 = Debug|Any CPU
		{434FAD74-6F04-4C18-B347-B09BEEA5BA65}.Debug|x64.ActiveCfg = Debug|Any CPU
		{434FAD74-6F04-4C18-B347-B09BEEA5BA65}.Debug|x64.Build.0 = Debug|Any CPU
		{434FAD74-6F04-4C18-B347-B09BEEA5BA65}.Debug|x86.ActiveCfg = Debug|Any CPU
		{434FAD74-6F04-4C18-B347-B09BEEA5BA65}.Debug|x86.Build.0 = Debug|Any CPU
		{434FAD74-6F04-4C18-B347-B09BEEA5BA65}.Release|Any CPU.ActiveCfg = Release|Any CPU
		{434FAD74-6F04-4C18-B347-B09BEEA5BA65}.Release|Any CPU.Build.0 = Release|Any CPU
		{434FAD74-6F04-4C18-B347-B09BEEA5BA65}.Release|x64.ActiveCfg = Release|Any CPU
		{434FAD74-6F04-4C18-B347-B09BEEA5BA65}.Release|x64.Build.0 = Release|Any CPU
		{434FAD74-6F04-4C18-B347-B09BEEA5BA65}.Release|x86.ActiveCfg = Release|Any CPU
		{434FAD74-6F04-4C18-B347-B09BEEA5BA65}.Release|x86.Build.0 = Release|Any CPU
		{40BEB2F8-94C5-4FCD-A29A-F2951A660709}.Debug|Any CPU.ActiveCfg = Debug|Any CPU
		{40BEB2F8-94C5-4FCD-A29A-F2951A660709}.Debug|Any CPU.Build.0 = Debug|Any CPU
		{40BEB2F8-94C5-4FCD-A29A-F2951A660709}.Debug|x64.ActiveCfg = Debug|Any CPU
		{40BEB2F8-94C5-4FCD-A29A-F2951A660709}.Debug|x64.Build.0 = Debug|Any CPU
		{40BEB2F8-94C5-4FCD-A29A-F2951A660709}.Debug|x86.ActiveCfg = Debug|Any CPU
		{40BEB2F8-94C5-4FCD-A29A-F2951A660709}.Debug|x86.Build.0 = Debug|Any CPU
		{40BEB2F8-94C5-4FCD-A29A-F2951A660709}.Release|Any CPU.ActiveCfg = Release|Any CPU
		{40BEB2F8-94C5-4FCD-A29A-F2951A660709}.Release|Any CPU.Build.0 = Release|Any CPU
		{40BEB2F8-94C5-4FCD-A29A-F2951A660709}.Release|x64.ActiveCfg = Release|Any CPU
		{40BEB2F8-94C5-4FCD-A29A-F2951A660709}.Release|x64.Build.0 = Release|Any CPU
		{40BEB2F8-94C5-4FCD-A29A-F2951A660709}.Release|x86.ActiveCfg = Release|Any CPU
		{40BEB2F8-94C5-4FCD-A29A-F2951A660709}.Release|x86.Build.0 = Release|Any CPU
	EndGlobalSection
	GlobalSection(NestedProjects) = preSolution
		{434FAD74-6F04-4C18-B347-B09BEEA5BA65} = {4F4BABCF-B538-4E43-A18A-B07CD066B13F}
		{40BEB2F8-94C5-4FCD-A29A-F2951A660709} = {1BAA2466-D828-4710-B172-7FEDFFEFD127}
	EndGlobalSection
EndGlobal
